
Microsoft Visual Studio Solution File, Format Version 11.00
# Visual Studio 2010
Project("{FAE04EC0-301F-11D3-BF4B-00C04F79EFBC}") = "homebuilder", "Assembly-CSharp-firstpass.csproj", "{7D78D985-4A05-08A6-5A5E-35375185D925}"
EndProject
Project("{FAE04EC0-301F-11D3-BF4B-00C04F79EFBC}") = "homebuilder", "Assembly-CSharp-Editor.csproj", "{E0F8D035-593D-CF02-4A6D-870DA34ABF59}"
EndProject
Global
	GlobalSection(SolutionConfigurationPlatforms) = preSolution
		Debug|Any CPU = Debug|Any CPU
		Release|Any CPU = Release|Any CPU
	EndGlobalSection
	GlobalSection(ProjectConfigurationPlatforms) = postSolution
		{7D78D985-4A05-08A6-5A5E-35375185D925}.Debug|Any CPU.ActiveCfg = Debug|Any CPU
		{7D78D985-4A05-08A6-5A5E-35375185D925}.Debug|Any CPU.Build.0 = Debug|Any CPU
		{7D78D985-4A05-08A6-5A5E-35375185D925}.Release|Any CPU.ActiveCfg = Release|Any CPU
		{7D78D985-4A05-08A6-5A5E-35375185D925}.Release|Any CPU.Build.0 = Release|Any CPU
		{E0F8D035-593D-CF02-4A6D-870DA34ABF59}.Debug|Any CPU.ActiveCfg = Debug|Any CPU
		{E0F8D035-593D-CF02-4A6D-870DA34ABF59}.Debug|Any CPU.Build.0 = Debug|Any CPU
		{E0F8D035-593D-CF02-4A6D-870DA34ABF59}.Release|Any CPU.ActiveCfg = Release|Any CPU
		{E0F8D035-593D-CF02-4A6D-870DA34ABF59}.Release|Any CPU.Build.0 = Release|Any CPU
	EndGlobalSection
	GlobalSection(SolutionProperties) = preSolution
		HideSolutionNode = FALSE
	EndGlobalSection
	GlobalSection(MonoDevelopProperties) = preSolution
		StartupItem = Assembly-CSharp.csproj
	EndGlobalSection
EndGlobal
